// !$*UTF8*$!
{
	archiveVersion = 1;
	classes = {
	};
	objectVersion = 70;
	objects = {

/* Begin PBXBuildFile section */
		C6FFF1EF2C7E21B8005C59D7 /* SimplrApp.swift in Sources */ = {isa = PBXBuildFile; fileRef = C6FFF1EE2C7E21B8005C59D7 /* SimplrApp.swift */; };
		C6FFF1F12C7E21B8005C59D7 /* ContentView.swift in Sources */ = {isa = PBXBuildFile; fileRef = C6FFF1F02C7E21B8005C59D7 /* ContentView.swift */; };
		C6FFF1F32C7E21BA005C59D7 /* Assets.xcassets in Resources */ = {isa = PBXBuildFile; fileRef = C6FFF1F22C7E21BA005C59D7 /* Assets.xcassets */; };
		C6FFF1F62C7E21BA005C59D7 /* Preview Assets.xcassets in Resources */ = {isa = PBXBuildFile; fileRef = C6FFF1F52C7E21BA005C59D7 /* Preview Assets.xcassets */; };
		C6FFF2002C7E21BA005C59D7 /* SimplrTests.swift in Sources */ = {isa = PBXBuildFile; fileRef = C6FFF1FF2C7E21BA005C59D7 /* SimplrTests.swift */; };
		C6FFF20A2C7E21BA005C59D7 /* SimplrUITests.swift in Sources */ = {isa = PBXBuildFile; fileRef = C6FFF2092C7E21BA005C59D7 /* SimplrUITests.swift */; };
		C6FFF20C2C7E21BA005C59D7 /* SimplrUITestsLaunchTests.swift in Sources */ = {isa = PBXBuildFile; fileRef = C6FFF20B2C7E21BA005C59D7 /* SimplrUITestsLaunchTests.swift */; };
/* End PBXBuildFile section */

/* Begin PBXContainerItemProxy section */
		C6FFF1FC2C7E21BA005C59D7 /* PBXContainerItemProxy */ = {
			isa = PBXContainerItemProxy;
			containerPortal = C6FFF1E32C7E21B8005C59D7 /* Project object */;
			proxyType = 1;
			remoteGlobalIDString = C6FFF1EA2C7E21B8005C59D7;
			remoteInfo = new_swift_app;
		};
		C6FFF2062C7E21BA005C59D7 /* PBXContainerItemProxy */ = {
			isa = PBXContainerItemProxy;
			containerPortal = C6FFF1E32C7E21B8005C59D7 /* Project object */;
			proxyType = 1;
			remoteGlobalIDString = C6FFF1EA2C7E21B8005C59D7;
			remoteInfo = new_swift_app;
		};
/* End PBXContainerItemProxy section */

/* Begin PBXFileReference section */
		C6FFF1EB2C7E21B8005C59D7 /* Simplr.app */ = {isa = PBXFileReference; explicitFileType = wrapper.application; includeInIndex = 0; path = Simplr.app; sourceTree = BUILT_PRODUCTS_DIR; };
		C6FFF1EE2C7E21B8005C59D7 /* SimplrApp.swift */ = {isa = PBXFileReference; lastKnownFileType = sourcecode.swift; path = SimplrApp.swift; sourceTree = "<group>"; };
		C6FFF1F02C7E21B8005C59D7 /* ContentView.swift */ = {isa = PBXFileReference; lastKnownFileType = sourcecode.swift; path = ContentView.swift; sourceTree = "<group>"; };
		C6FFF1F22C7E21BA005C59D7 /* Assets.xcassets */ = {isa = PBXFileReference; lastKnownFileType = folder.assetcatalog; path = Assets.xcassets; sourceTree = "<group>"; };
		C6FFF1F52C7E21BA005C59D7 /* Preview Assets.xcassets */ = {isa = PBXFileReference; lastKnownFileType = folder.assetcatalog; path = "Preview Assets.xcassets"; sourceTree = "<group>"; };
		C6FFF1FB2C7E21BA005C59D7 /* SimplrTests.xctest */ = {isa = PBXFileReference; explicitFileType = wrapper.cfbundle; includeInIndex = 0; path = SimplrTests.xctest; sourceTree = BUILT_PRODUCTS_DIR; };
		C6FFF1FF2C7E21BA005C59D7 /* SimplrTests.swift */ = {isa = PBXFileReference; lastKnownFileType = sourcecode.swift; path = SimplrTests.swift; sourceTree = "<group>"; };
		C6FFF2052C7E21BA005C59D7 /* SimplrUITests.xctest */ = {isa = PBXFileReference; explicitFileType = wrapper.cfbundle; includeInIndex = 0; path = SimplrUITests.xctest; sourceTree = BUILT_PRODUCTS_DIR; };
		C6FFF2092C7E21BA005C59D7 /* SimplrUITests.swift */ = {isa = PBXFileReference; lastKnownFileType = sourcecode.swift; path = SimplrUITests.swift; sourceTree = "<group>"; };
		C6FFF20B2C7E21BA005C59D7 /* SimplrUITestsLaunchTests.swift */ = {isa = PBXFileReference; lastKnownFileType = sourcecode.swift; path = SimplrUITestsLaunchTests.swift; sourceTree = "<group>"; };
/* End PBXFileReference section */

/* Begin PBXFileSystemSynchronizedRootGroup section */
		C6CB01862D7775B6009BBB39 /* Objects */ = {isa = PBXFileSystemSynchronizedRootGroup; explicitFileTypes = {}; explicitFolders = (); path = Objects; sourceTree = "<group>"; };
/* End PBXFileSystemSynchronizedRootGroup section */

/* Begin PBXFrameworksBuildPhase section */
		C6FFF1E82C7E21B8005C59D7 /* Frameworks */ = {
			isa = PBXFrameworksBuildPhase;
			buildActionMask = 2147483647;
			files = (
			);
			runOnlyForDeploymentPostprocessing = 0;
		};
		C6FFF1F82C7E21BA005C59D7 /* Frameworks */ = {
			isa = PBXFrameworksBuildPhase;
			buildActionMask = 2147483647;
			files = (
			);
			runOnlyForDeploymentPostprocessing = 0;
		};
		C6FFF2022C7E21BA005C59D7 /* Frameworks */ = {
			isa = PBXFrameworksBuildPhase;
			buildActionMask = 2147483647;
			files = (
			);
			runOnlyForDeploymentPostprocessing = 0;
		};
/* End PBXFrameworksBuildPhase section */

/* Begin PBXGroup section */
		C6FFF1E22C7E21B8005C59D7 = {
			isa = PBXGroup;
			children = (
				C6FFF1ED2C7E21B8005C59D7 /* Simplr */,
				C6FFF1FE2C7E21BA005C59D7 /* new_swift_appTests */,
				C6FFF2082C7E21BA005C59D7 /* new_swift_appUITests */,
				C6FFF1EC2C7E21B8005C59D7 /* Products */,
			);
			sourceTree = "<group>";
		};
		C6FFF1EC2C7E21B8005C59D7 /* Products */ = {
			isa = PBXGroup;
			children = (
				C6FFF1EB2C7E21B8005C59D7 /* Simplr.app */,
				C6FFF1FB2C7E21BA005C59D7 /* SimplrTests.xctest */,
				C6FFF2052C7E21BA005C59D7 /* SimplrUITests.xctest */,
			);
			name = Products;
			sourceTree = "<group>";
		};
		C6FFF1ED2C7E21B8005C59D7 /* Simplr */ = {
			isa = PBXGroup;
			children = (
				C6CB01862D7775B6009BBB39 /* Objects */,
				C6FFF1EE2C7E21B8005C59D7 /* SimplrApp.swift */,
				C6FFF1F02C7E21B8005C59D7 /* ContentView.swift */,
				C6FFF1F22C7E21BA005C59D7 /* Assets.xcassets */,
				C6FFF1F42C7E21BA005C59D7 /* Preview Content */,
			);
			path = Simplr;
			sourceTree = "<group>";
		};
		C6FFF1F42C7E21BA005C59D7 /* Preview Content */ = {
			isa = PBXGroup;
			children = (
				C6FFF1F52C7E21BA005C59D7 /* Preview Assets.xcassets */,
			);
			path = "Preview Content";
			sourceTree = "<group>";
		};
		C6FFF1FE2C7E21BA005C59D7 /* new_swift_appTests */ = {
			isa = PBXGroup;
			children = (
				C6FFF1FF2C7E21BA005C59D7 /* SimplrTests.swift */,
			);
			path = new_swift_appTests;
			sourceTree = "<group>";
		};
		C6FFF2082C7E21BA005C59D7 /* new_swift_appUITests */ = {
			isa = PBXGroup;
			children = (
				C6FFF2092C7E21BA005C59D7 /* SimplrUITests.swift */,
				C6FFF20B2C7E21BA005C59D7 /* SimplrUITestsLaunchTests.swift */,
			);
			path = new_swift_appUITests;
			sourceTree = "<group>";
		};
/* End PBXGroup section */

/* Begin PBXNativeTarget section */
		C6FFF1EA2C7E21B8005C59D7 /* Simplr */ = {
			isa = PBXNativeTarget;
			buildConfigurationList = C6FFF20F2C7E21BA005C59D7 /* Build configuration list for PBXNativeTarget "Simplr" */;
			buildPhases = (
				C6FFF1E72C7E21B8005C59D7 /* Sources */,
				C6FFF1E82C7E21B8005C59D7 /* Frameworks */,
				C6FFF1E92C7E21B8005C59D7 /* Resources */,
			);
			buildRules = (
			);
			dependencies = (
			);
			fileSystemSynchronizedGroups = (
				C6CB01862D7775B6009BBB39 /* Objects */,
			);
			name = Simplr;
			productName = new_swift_app;
			productReference = C6FFF1EB2C7E21B8005C59D7 /* Simplr.app */;
			productType = "com.apple.product-type.application";
		};
		C6FFF1FA2C7E21BA005C59D7 /* SimplrTests */ = {
			isa = PBXNativeTarget;
			buildConfigurationList = C6FFF2122C7E21BA005C59D7 /* Build configuration list for PBXNativeTarget "SimplrTests" */;
			buildPhases = (
				C6FFF1F72C7E21BA005C59D7 /* Sources */,
				C6FFF1F82C7E21BA005C59D7 /* Frameworks */,
				C6FFF1F92C7E21BA005C59D7 /* Resources */,
			);
			buildRules = (
			);
			dependencies = (
				C6FFF1FD2C7E21BA005C59D7 /* PBXTargetDependency */,
			);
			name = SimplrTests;
			productName = new_swift_appTests;
			productReference = C6FFF1FB2C7E21BA005C59D7 /* SimplrTests.xctest */;
			productType = "com.apple.product-type.bundle.unit-test";
		};
		C6FFF2042C7E21BA005C59D7 /* SimplrUITests */ = {
			isa = PBXNativeTarget;
			buildConfigurationList = C6FFF2152C7E21BA005C59D7 /* Build configuration list for PBXNativeTarget "SimplrUITests" */;
			buildPhases = (
				C6FFF2012C7E21BA005C59D7 /* Sources */,
				C6FFF2022C7E21BA005C59D7 /* Frameworks */,
				C6FFF2032C7E21BA005C59D7 /* Resources */,
			);
			buildRules = (
			);
			dependencies = (
				C6FFF2072C7E21BA005C59D7 /* PBXTargetDependency */,
			);
			name = SimplrUITests;
			productName = new_swift_appUITests;
			productReference = C6FFF2052C7E21BA005C59D7 /* SimplrUITests.xctest */;
			productType = "com.apple.product-type.bundle.ui-testing";
		};
/* End PBXNativeTarget section */

/* Begin PBXProject section */
		C6FFF1E32C7E21B8005C59D7 /* Project object */ = {
			isa = PBXProject;
			attributes = {
				BuildIndependentTargetsInParallel = 1;
				LastSwiftUpdateCheck = 1540;
				LastUpgradeCheck = 1620;
				TargetAttributes = {
					C6FFF1EA2C7E21B8005C59D7 = {
						CreatedOnToolsVersion = 15.4;
					};
					C6FFF1FA2C7E21BA005C59D7 = {
						CreatedOnToolsVersion = 15.4;
						TestTargetID = C6FFF1EA2C7E21B8005C59D7;
					};
					C6FFF2042C7E21BA005C59D7 = {
						CreatedOnToolsVersion = 15.4;
						TestTargetID = C6FFF1EA2C7E21B8005C59D7;
					};
				};
			};
			buildConfigurationList = C6FFF1E62C7E21B8005C59D7 /* Build configuration list for PBXProject "Simplr" */;
			compatibilityVersion = "Xcode 14.0";
			developmentRegion = en;
			hasScannedForEncodings = 0;
			knownRegions = (
				en,
				Base,
			);
			mainGroup = C6FFF1E22C7E21B8005C59D7;
			productRefGroup = C6FFF1EC2C7E21B8005C59D7 /* Products */;
			projectDirPath = "";
			projectRoot = "";
			targets = (
				C6FFF1EA2C7E21B8005C59D7 /* Simplr */,
				C6FFF1FA2C7E21BA005C59D7 /* SimplrTests */,
				C6FFF2042C7E21BA005C59D7 /* SimplrUITests */,
			);
		};
/* End PBXProject section */

/* Begin PBXResourcesBuildPhase section */
		C6FFF1E92C7E21B8005C59D7 /* Resources */ = {
			isa = PBXResourcesBuildPhase;
			buildActionMask = 2147483647;
			files = (
				C6FFF1F62C7E21BA005C59D7 /* Preview Assets.xcassets in Resources */,
				C6FFF1F32C7E21BA005C59D7 /* Assets.xcassets in Resources */,
			);
			runOnlyForDeploymentPostprocessing = 0;
		};
		C6FFF1F92C7E21BA005C59D7 /* Resources */ = {
			isa = PBXResourcesBuildPhase;
			buildActionMask = 2147483647;
			files = (
			);
			runOnlyForDeploymentPostprocessing = 0;
		};
		C6FFF2032C7E21BA005C59D7 /* Resources */ = {
			isa = PBXResourcesBuildPhase;
			buildActionMask = 2147483647;
			files = (
			);
			runOnlyForDeploymentPostprocessing = 0;
		};
/* End PBXResourcesBuildPhase section */

/* Begin PBXSourcesBuildPhase section */
		C6FFF1E72C7E21B8005C59D7 /* Sources */ = {
			isa = PBXSourcesBuildPhase;
			buildActionMask = 2147483647;
			files = (
				C6FFF1F12C7E21B8005C59D7 /* ContentView.swift in Sources */,
				C6FFF1EF2C7E21B8005C59D7 /* SimplrApp.swift in Sources */,
			);
			runOnlyForDeploymentPostprocessing = 0;
		};
		C6FFF1F72C7E21BA005C59D7 /* Sources */ = {
			isa = PBXSourcesBuildPhase;
			buildActionMask = 2147483647;
			files = (
				C6FFF2002C7E21BA005C59D7 /* SimplrTests.swift in Sources */,
			);
			runOnlyForDeploymentPostprocessing = 0;
		};
		C6FFF2012C7E21BA005C59D7 /* Sources */ = {
			isa = PBXSourcesBuildPhase;
			buildActionMask = 2147483647;
			files = (
				C6FFF20A2C7E21BA005C59D7 /* SimplrUITests.swift in Sources */,
				C6FFF20C2C7E21BA005C59D7 /* SimplrUITestsLaunchTests.swift in Sources */,
			);
			runOnlyForDeploymentPostprocessing = 0;
		};
/* End PBXSourcesBuildPhase section */

/* Begin PBXTargetDependency section */
		C6FFF1FD2C7E21BA005C59D7 /* PBXTargetDependency */ = {
			isa = PBXTargetDependency;
			target = C6FFF1EA2C7E21B8005C59D7 /* Simplr */;
			targetProxy = C6FFF1FC2C7E21BA005C59D7 /* PBXContainerItemProxy */;
		};
		C6FFF2072C7E21BA005C59D7 /* PBXTargetDependency */ = {
			isa = PBXTargetDependency;
			target = C6FFF1EA2C7E21B8005C59D7 /* Simplr */;
			targetProxy = C6FFF2062C7E21BA005C59D7 /* PBXContainerItemProxy */;
		};
/* End PBXTargetDependency section */

/* Begin XCBuildConfiguration section */
		C6FFF20D2C7E21BA005C59D7 /* Debug */ = {
			isa = XCBuildConfiguration;
			buildSettings = {
				ALWAYS_SEARCH_USER_PATHS = NO;
				ASSETCATALOG_COMPILER_GENERATE_SWIFT_ASSET_SYMBOL_EXTENSIONS = YES;
				CLANG_ANALYZER_NONNULL = YES;
				CLANG_ANALYZER_NUMBER_OBJECT_CONVERSION = YES_AGGRESSIVE;
				CLANG_CXX_LANGUAGE_STANDARD = "gnu++20";
				CLANG_ENABLE_MODULES = YES;
				CLANG_ENABLE_OBJC_ARC = YES;
				CLANG_ENABLE_OBJC_WEAK = YES;
				CLANG_WARN_BLOCK_CAPTURE_AUTORELEASING = YES;
				CLANG_WARN_BOOL_CONVERSION = YES;
				CLANG_WARN_COMMA = YES;
				CLANG_WARN_CONSTANT_CONVERSION = YES;
				CLANG_WARN_DEPRECATED_OBJC_IMPLEMENTATIONS = YES;
				CLANG_WARN_DIRECT_OBJC_ISA_USAGE = YES_ERROR;
				CLANG_WARN_DOCUMENTATION_COMMENTS = YES;
				CLANG_WARN_EMPTY_BODY = YES;
				CLANG_WARN_ENUM_CONVERSION = YES;
				CLANG_WARN_INFINITE_RECURSION = YES;
				CLANG_WARN_INT_CONVERSION = YES;
				CLANG_WARN_NON_LITERAL_NULL_CONVERSION = YES;
				CLANG_WARN_OBJC_IMPLICIT_RETAIN_SELF = YES;
				CLANG_WARN_OBJC_LITERAL_CONVERSION = YES;
				CLANG_WARN_OBJC_ROOT_CLASS = YES_ERROR;
				CLANG_WARN_QUOTED_INCLUDE_IN_FRAMEWORK_HEADER = YES;
				CLANG_WARN_RANGE_LOOP_ANALYSIS = YES;
				CLANG_WARN_STRICT_PROTOTYPES = YES;
				CLANG_WARN_SUSPICIOUS_MOVE = YES;
				CLANG_WARN_UNGUARDED_AVAILABILITY = YES_AGGRESSIVE;
				CLANG_WARN_UNREACHABLE_CODE = YES;
				CLANG_WARN__DUPLICATE_METHOD_MATCH = YES;
				COPY_PHASE_STRIP = NO;
				DEBUG_INFORMATION_FORMAT = dwarf;
				ENABLE_STRICT_OBJC_MSGSEND = YES;
				ENABLE_TESTABILITY = YES;
				ENABLE_USER_SCRIPT_SANDBOXING = YES;
				GCC_C_LANGUAGE_STANDARD = gnu17;
				GCC_DYNAMIC_NO_PIC = NO;
				GCC_NO_COMMON_BLOCKS = YES;
				GCC_OPTIMIZATION_LEVEL = 0;
				GCC_PREPROCESSOR_DEFINITIONS = (
					"DEBUG=1",
					"$(inherited)",
				);
				GCC_WARN_64_TO_32_BIT_CONVERSION = YES;
				GCC_WARN_ABOUT_RETURN_TYPE = YES_ERROR;
				GCC_WARN_UNDECLARED_SELECTOR = YES;
				GCC_WARN_UNINITIALIZED_AUTOS = YES_AGGRESSIVE;
				GCC_WARN_UNUSED_FUNCTION = YES;
				GCC_WARN_UNUSED_VARIABLE = YES;
				IPHONEOS_DEPLOYMENT_TARGET = 17.5;
				LOCALIZATION_PREFERS_STRING_CATALOGS = YES;
				MTL_ENABLE_DEBUG_INFO = INCLUDE_SOURCE;
				MTL_FAST_MATH = YES;
				ONLY_ACTIVE_ARCH = YES;
				SDKROOT = iphoneos;
				SWIFT_ACTIVE_COMPILATION_CONDITIONS = "DEBUG $(inherited)";
				SWIFT_OPTIMIZATION_LEVEL = "-Onone";
			};
			name = Debug;
		};
		C6FFF20E2C7E21BA005C59D7 /* Release */ = {
			isa = XCBuildConfiguration;
			buildSettings = {
				ALWAYS_SEARCH_USER_PATHS = NO;
				ASSETCATALOG_COMPILER_GENERATE_SWIFT_ASSET_SYMBOL_EXTENSIONS = YES;
				CLANG_ANALYZER_NONNULL = YES;
				CLANG_ANALYZER_NUMBER_OBJECT_CONVERSION = YES_AGGRESSIVE;
				CLANG_CXX_LANGUAGE_STANDARD = "gnu++20";
				CLANG_ENABLE_MODULES = YES;
				CLANG_ENABLE_OBJC_ARC = YES;
				CLANG_ENABLE_OBJC_WEAK = YES;
				CLANG_WARN_BLOCK_CAPTURE_AUTORELEASING = YES;
				CLANG_WARN_BOOL_CONVERSION = YES;
				CLANG_WARN_COMMA = YES;
				CLANG_WARN_CONSTANT_CONVERSION = YES;
				CLANG_WARN_DEPRECATED_OBJC_IMPLEMENTATIONS = YES;
				CLANG_WARN_DIRECT_OBJC_ISA_USAGE = YES_ERROR;
				CLANG_WARN_DOCUMENTATION_COMMENTS = YES;
				CLANG_WARN_EMPTY_BODY = YES;
				CLANG_WARN_ENUM_CONVERSION = YES;
				CLANG_WARN_INFINITE_RECURSION = YES;
				CLANG_WARN_INT_CONVERSION = YES;
				CLANG_WARN_NON_LITERAL_NULL_CONVERSION = YES;
				CLANG_WARN_OBJC_IMPLICIT_RETAIN_SELF = YES;
				CLANG_WARN_OBJC_LITERAL_CONVERSION = YES;
				CLANG_WARN_OBJC_ROOT_CLASS = YES_ERROR;
				CLANG_WARN_QUOTED_INCLUDE_IN_FRAMEWORK_HEADER = YES;
				CLANG_WARN_RANGE_LOOP_ANALYSIS = YES;
				CLANG_WARN_STRICT_PROTOTYPES = YES;
				CLANG_WARN_SUSPICIOUS_MOVE = YES;
				CLANG_WARN_UNGUARDED_AVAILABILITY = YES_AGGRESSIVE;
				CLANG_WARN_UNREACHABLE_CODE = YES;
				CLANG_WARN__DUPLICATE_METHOD_MATCH = YES;
				COPY_PHASE_STRIP = NO;
				DEBUG_INFORMATION_FORMAT = "dwarf-with-dsym";
				ENABLE_NS_ASSERTIONS = NO;
				ENABLE_STRICT_OBJC_MSGSEND = YES;
				ENABLE_USER_SCRIPT_SANDBOXING = YES;
				GCC_C_LANGUAGE_STANDARD = gnu17;
				GCC_NO_COMMON_BLOCKS = YES;
				GCC_WARN_64_TO_32_BIT_CONVERSION = YES;
				GCC_WARN_ABOUT_RETURN_TYPE = YES_ERROR;
				GCC_WARN_UNDECLARED_SELECTOR = YES;
				GCC_WARN_UNINITIALIZED_AUTOS = YES_AGGRESSIVE;
				GCC_WARN_UNUSED_FUNCTION = YES;
				GCC_WARN_UNUSED_VARIABLE = YES;
				IPHONEOS_DEPLOYMENT_TARGET = 17.5;
				LOCALIZATION_PREFERS_STRING_CATALOGS = YES;
				MTL_ENABLE_DEBUG_INFO = NO;
				MTL_FAST_MATH = YES;
				SDKROOT = iphoneos;
				SWIFT_COMPILATION_MODE = wholemodule;
				VALIDATE_PRODUCT = YES;
			};
			name = Release;
		};
		C6FFF2102C7E21BA005C59D7 /* Debug */ = {
			isa = XCBuildConfiguration;
			buildSettings = {
				ASSETCATALOG_COMPILER_APPICON_NAME = AppIcon;
				ASSETCATALOG_COMPILER_GLOBAL_ACCENT_COLOR_NAME = AccentColor;
				CODE_SIGN_STYLE = Automatic;
				CURRENT_PROJECT_VERSION = 1;
				DEVELOPMENT_ASSET_PATHS = "\"simplr/Preview Content\"";
				DEVELOPMENT_TEAM = ZPQ2D7AUZC;
				ENABLE_PREVIEWS = YES;
				GENERATE_INFOPLIST_FILE = YES;
				INFOPLIST_KEY_UIApplicationSceneManifest_Generation = YES;
				INFOPLIST_KEY_UIApplicationSupportsIndirectInputEvents = YES;
				INFOPLIST_KEY_UILaunchScreen_Generation = YES;
				INFOPLIST_KEY_UISupportedInterfaceOrientations_iPad = "UIInterfaceOrientationPortrait UIInterfaceOrientationPortraitUpsideDown UIInterfaceOrientationLandscapeLeft UIInterfaceOrientationLandscapeRight";
				INFOPLIST_KEY_UISupportedInterfaceOrientations_iPhone = "UIInterfaceOrientationPortrait UIInterfaceOrientationLandscapeLeft UIInterfaceOrientationLandscapeRight";
				LD_RUNPATH_SEARCH_PATHS = (
					"$(inherited)",
					"@executable_path/Frameworks",
				);
				MARKETING_VERSION = 1.0;
				PRODUCT_BUNDLE_IDENTIFIER = "org.apps.new-swift-app";
				PRODUCT_NAME = "$(TARGET_NAME)";
				REGISTER_APP_GROUPS = NO;
				SUPPORTED_PLATFORMS = macosx;
				SUPPORTS_MACCATALYST = NO;
				SUPPORTS_MAC_DESIGNED_FOR_IPHONE_IPAD = NO;
				SUPPORTS_XR_DESIGNED_FOR_IPHONE_IPAD = NO;
				SWIFT_EMIT_LOC_STRINGS = YES;
				SWIFT_VERSION = 5.0;
			};
			name = Debug;
		};
		C6FFF2112C7E21BA005C59D7 /* Release */ = {
			isa = XCBuildConfiguration;
			buildSettings = {
				ASSETCATALOG_COMPILER_APPICON_NAME = AppIcon;
				ASSETCATALOG_COMPILER_GLOBAL_ACCENT_COLOR_NAME = AccentColor;
				CODE_SIGN_STYLE = Automatic;
				CURRENT_PROJECT_VERSION = 1;
				DEVELOPMENT_ASSET_PATHS = "\"simplr/Preview Content\"";
				DEVELOPMENT_TEAM = ZPQ2D7AUZC;
				ENABLE_PREVIEWS = YES;
				GENERATE_INFOPLIST_FILE = YES;
				INFOPLIST_KEY_UIApplicationSceneManifest_Generation = YES;
				INFOPLIST_KEY_UIApplicationSupportsIndirectInputEvents = YES;
				INFOPLIST_KEY_UILaunchScreen_Generation = YES;
				INFOPLIST_KEY_UISupportedInterfaceOrientations_iPad = "UIInterfaceOrientationPortrait UIInterfaceOrientationPortraitUpsideDown UIInterfaceOrientationLandscapeLeft UIInterfaceOrientationLandscapeRight";
				INFOPLIST_KEY_UISupportedInterfaceOrientations_iPhone = "UIInterfaceOrientationPortrait UIInterfaceOrientationLandscapeLeft UIInterfaceOrientationLandscapeRight";
				LD_RUNPATH_SEARCH_PATHS = (
					"$(inherited)",
					"@executable_path/Frameworks",
				);
				MARKETING_VERSION = 1.0;
				PRODUCT_BUNDLE_IDENTIFIER = "org.apps.new-swift-app";
				PRODUCT_NAME = "$(TARGET_NAME)";
				REGISTER_APP_GROUPS = NO;
				SUPPORTED_PLATFORMS = macosx;
				SUPPORTS_MACCATALYST = NO;
				SUPPORTS_MAC_DESIGNED_FOR_IPHONE_IPAD = NO;
				SUPPORTS_XR_DESIGNED_FOR_IPHONE_IPAD = NO;
				SWIFT_EMIT_LOC_STRINGS = YES;
				SWIFT_VERSION = 5.0;
			};
			name = Release;
		};
		C6FFF2132C7E21BA005C59D7 /* Debug */ = {
			isa = XCBuildConfiguration;
			buildSettings = {
				BUNDLE_LOADER = "$(TEST_HOST)";
				CODE_SIGN_STYLE = Automatic;
				CURRENT_PROJECT_VERSION = 1;
				DEVELOPMENT_TEAM = ZPQ2D7AUZC;
				GENERATE_INFOPLIST_FILE = YES;
				IPHONEOS_DEPLOYMENT_TARGET = 17.5;
				MARKETING_VERSION = 1.0;
				PRODUCT_BUNDLE_IDENTIFIER = "org.apps.new-swift-appTests";
				PRODUCT_NAME = "$(TARGET_NAME)";
				SWIFT_EMIT_LOC_STRINGS = NO;
				SWIFT_VERSION = 5.0;
				TARGETED_DEVICE_FAMILY = "1,2";
				TEST_HOST = "$(BUILT_PRODUCTS_DIR)/Simplr.app/$(BUNDLE_EXECUTABLE_FOLDER_PATH)/Simplr";
			};
			name = Debug;
		};
		C6FFF2142C7E21BA005C59D7 /* Release */ = {
			isa = XCBuildConfiguration;
			buildSettings = {
				BUNDLE_LOADER = "$(TEST_HOST)";
				CODE_SIGN_STYLE = Automatic;
				CURRENT_PROJECT_VERSION = 1;
				DEVELOPMENT_TEAM = ZPQ2D7AUZC;
				GENERATE_INFOPLIST_FILE = YES;
				IPHONEOS_DEPLOYMENT_TARGET = 17.5;
				MARKETING_VERSION = 1.0;
				PRODUCT_BUNDLE_IDENTIFIER = "org.apps.new-swift-appTests";
				PRODUCT_NAME = "$(TARGET_NAME)";
				SWIFT_EMIT_LOC_STRINGS = NO;
				SWIFT_VERSION = 5.0;
				TARGETED_DEVICE_FAMILY = "1,2";
				TEST_HOST = "$(BUILT_PRODUCTS_DIR)/Simplr.app/$(BUNDLE_EXECUTABLE_FOLDER_PATH)/Simplr";
			};
			name = Release;
		};
		C6FFF2162C7E21BA005C59D7 /* Debug */ = {
			isa = XCBuildConfiguration;
			buildSettings = {
				CODE_SIGN_STYLE = Automatic;
				CURRENT_PROJECT_VERSION = 1;
				DEVELOPMENT_TEAM = ZPQ2D7AUZC;
				GENERATE_INFOPLIST_FILE = YES;
				MARKETING_VERSION = 1.0;
				PRODUCT_BUNDLE_IDENTIFIER = "org.apps.new-swift-appUITests";
				PRODUCT_NAME = "$(TARGET_NAME)";
				SWIFT_EMIT_LOC_STRINGS = NO;
				SWIFT_VERSION = 5.0;
				TARGETED_DEVICE_FAMILY = "1,2";
				TEST_TARGET_NAME = new_swift_app;
			};
			name = Debug;
		};
		C6FFF2172C7E21BA005C59D7 /* Release */ = {
			isa = XCBuildConfiguration;
			buildSettings = {
				CODE_SIGN_STYLE = Automatic;
				CURRENT_PROJECT_VERSION = 1;
				DEVELOPMENT_TEAM = ZPQ2D7AUZC;
				GENERATE_INFOPLIST_FILE = YES;
				MARKETING_VERSION = 1.0;
				PRODUCT_BUNDLE_IDENTIFIER = "org.apps.new-swift-appUITests";
				PRODUCT_NAME = "$(TARGET_NAME)";
				SWIFT_EMIT_LOC_STRINGS = NO;
				SWIFT_VERSION = 5.0;
				TARGETED_DEVICE_FAMILY = "1,2";
				TEST_TARGET_NAME = new_swift_app;
			};
			name = Release;
		};
/* End XCBuildConfiguration section */

/* Begin XCConfigurationList section */
		C6FFF1E62C7E21B8005C59D7 /* Build configuration list for PBXProject "Simplr" */ = {
			isa = XCConfigurationList;
			buildConfigurations = (
				C6FFF20D2C7E21BA005C59D7 /* Debug */,
				C6FFF20E2C7E21BA005C59D7 /* Release */,
			);
			defaultConfigurationIsVisible = 0;
			defaultConfigurationName = Release;
		};
		C6FFF20F2C7E21BA005C59D7 /* Build configuration list for PBXNativeTarget "Simplr" */ = {
			isa = XCConfigurationList;
			buildConfigurations = (
				C6FFF2102C7E21BA005C59D7 /* Debug */,
				C6FFF2112C7E21BA005C59D7 /* Release */,
			);
			defaultConfigurationIsVisible = 0;
			defaultConfigurationName = Release;
		};
		C6FFF2122C7E21BA005C59D7 /* Build configuration list for PBXNativeTarget "SimplrTests" */ = {
			isa = XCConfigurationList;
			buildConfigurations = (
				C6FFF2132C7E21BA005C59D7 /* Debug */,
				C6FFF2142C7E21BA005C59D7 /* Release */,
			);
			defaultConfigurationIsVisible = 0;
			defaultConfigurationName = Release;
		};
		C6FFF2152C7E21BA005C59D7 /* Build configuration list for PBXNativeTarget "SimplrUITests" */ = {
			isa = XCConfigurationList;
			buildConfigurations = (
				C6FFF2162C7E21BA005C59D7 /* Debug */,
				C6FFF2172C7E21BA005C59D7 /* Release */,
			);
			defaultConfigurationIsVisible = 0;
			defaultConfigurationName = Release;
		};
/* End XCConfigurationList section */
	};
	rootObject = C6FFF1E32C7E21B8005C59D7 /* Project object */;
}
